
Microsoft Visual Studio Solution File, Format Version 12.00
# Visual Studio Version 17
VisualStudioVersion = 17.0.31903.59
MinimumVisualStudioVersion = 10.0.40219.1
Project("{2150E333-8FDC-42A3-9474-1A3956D46DE8}") = "Solution Items", "Solution Items", "{8203BD78-087A-4999-A006-4D7F2F1CC49B}"
	ProjectSection(SolutionItems) = preProject
		common.props = common.props
		src\Core\core.props = src\Core\core.props
		src\Extensions\extensions.props = src\Extensions\extensions.props
		README.md = README.md
	EndProjectSection
EndProject
Project("{2150E333-8FDC-42A3-9474-1A3956D46DE8}") = "Sources", "Sources", "{36920AB0-7BBF-420E-BE8F-8E1E99AC16E4}"
EndProject
Project("{2150E333-8FDC-42A3-9474-1A3956D46DE8}") = "Tests", "Tests", "{465170C5-FA92-4B83-A3F4-4B970B8E29D5}"
EndProject
Project("{2150E333-8FDC-42A3-9474-1A3956D46DE8}") = "Documents", "Documents", "{19BDE7E5-138D-4975-AC1F-94DC9FD92014}"
EndProject
Project("{9A19103F-16F7-4668-BE54-9A1E7A4F7556}") = "Sample.Client", "sample\Sample.Client\Sample.Client.csproj", "{F04B58B7-0F94-421F-B85B-B7F0038572D6}"
EndProject
Project("{2150E333-8FDC-42A3-9474-1A3956D46DE8}") = "Extensions", "Extensions", "{68F6FF27-ACBE-4E84-AD7A-D1144E7228A5}"
EndProject
Project("{9A19103F-16F7-4668-BE54-9A1E7A4F7556}") = "Bizer.Extensions.ApplicationService.Abstractions", "src\Extensions\Bizer.Extensions.ApplicationService.Abstractions\Bizer.Extensions.ApplicationService.Abstractions.csproj", "{2CDDF9AC-8D03-4BE0-9FFF-0D06603714DB}"
EndProject
Project("{9A19103F-16F7-4668-BE54-9A1E7A4F7556}") = "Bizer.Extensions.ApplicationService.EntityFrameworkCore", "src\Extensions\Bizer.Extensions.ApplicationService.EntityFrameworkCore\Bizer.Extensions.ApplicationService.EntityFrameworkCore.csproj", "{CAC92440-534D-4875-8CA3-306C5EA73F44}"
EndProject
Project("{2150E333-8FDC-42A3-9474-1A3956D46DE8}") = "Core", "Core", "{487826EC-7805-4FC9-94E9-5FC65D7C52E6}"
EndProject
Project("{9A19103F-16F7-4668-BE54-9A1E7A4F7556}") = "Bizer.Core", "src\Core\Bizer.Core\Bizer.Core.csproj", "{F8110459-88BA-4D33-B8EA-B85965B2FDBF}"
EndProject
Project("{9A19103F-16F7-4668-BE54-9A1E7A4F7556}") = "Bizer.Client", "src\Core\Bizer.Client\Bizer.Client.csproj", "{EF37C08F-8068-4B31-AA5A-A1423DCE83DB}"
EndProject
Project("{9A19103F-16F7-4668-BE54-9A1E7A4F7556}") = "Bizer.AspNetCore", "src\Core\Bizer.AspNetCore\Bizer.AspNetCore.csproj", "{7C858160-E19B-419E-813B-473F8D52FE39}"
EndProject
Project("{9A19103F-16F7-4668-BE54-9A1E7A4F7556}") = "Bizer.Extensions.AutoInjection", "src\Extensions\Bizer.Extensions.AutoInjection\Bizer.Extensions.AutoInjection.csproj", "{57BF1ADC-002A-462B-8DB8-0F58773925E6}"
EndProject
Project("{9A19103F-16F7-4668-BE54-9A1E7A4F7556}") = "Sample.Contracts", "sample\Sample.Contracts\Sample.Contracts.csproj", "{F6BB5AD5-166A-4D9C-B761-C902E854F105}"
EndProject
Project("{9A19103F-16F7-4668-BE54-9A1E7A4F7556}") = "Sample.Contracts.Impl", "sample\Sample.Contracts.Impl\Sample.Contracts.Impl.csproj", "{08FC4977-45C8-4F73-B57F-A65B3219F0DE}"
EndProject
Project("{9A19103F-16F7-4668-BE54-9A1E7A4F7556}") = "Sample.WebApi", "sample\Sample.WebApi\Sample.WebApi.csproj", "{4F6C5458-79B4-4333-8695-74E399FF975E}"
EndProject
Global
	GlobalSection(SolutionConfigurationPlatforms) = preSolution
		Debug|Any CPU = Debug|Any CPU
		Release|Any CPU = Release|Any CPU
	EndGlobalSection
	GlobalSection(ProjectConfigurationPlatforms) = postSolution
		{F04B58B7-0F94-421F-B85B-B7F0038572D6}.Debug|Any CPU.ActiveCfg = Debug|Any CPU
		{F04B58B7-0F94-421F-B85B-B7F0038572D6}.Debug|Any CPU.Build.0 = Debug|Any CPU
		{F04B58B7-0F94-421F-B85B-B7F0038572D6}.Release|Any CPU.ActiveCfg = Release|Any CPU
		{F04B58B7-0F94-421F-B85B-B7F0038572D6}.Release|Any CPU.Build.0 = Release|Any CPU
		{2CDDF9AC-8D03-4BE0-9FFF-0D06603714DB}.Debug|Any CPU.ActiveCfg = Debug|Any CPU
		{2CDDF9AC-8D03-4BE0-9FFF-0D06603714DB}.Debug|Any CPU.Build.0 = Debug|Any CPU
		{2CDDF9AC-8D03-4BE0-9FFF-0D06603714DB}.Release|Any CPU.ActiveCfg = Release|Any CPU
		{2CDDF9AC-8D03-4BE0-9FFF-0D06603714DB}.Release|Any CPU.Build.0 = Release|Any CPU
		{CAC92440-534D-4875-8CA3-306C5EA73F44}.Debug|Any CPU.ActiveCfg = Debug|Any CPU
		{CAC92440-534D-4875-8CA3-306C5EA73F44}.Debug|Any CPU.Build.0 = Debug|Any CPU
		{CAC92440-534D-4875-8CA3-306C5EA73F44}.Release|Any CPU.ActiveCfg = Release|Any CPU
		{CAC92440-534D-4875-8CA3-306C5EA73F44}.Release|Any CPU.Build.0 = Release|Any CPU
		{F8110459-88BA-4D33-B8EA-B85965B2FDBF}.Debug|Any CPU.ActiveCfg = Debug|Any CPU
		{F8110459-88BA-4D33-B8EA-B85965B2FDBF}.Debug|Any CPU.Build.0 = Debug|Any CPU
		{F8110459-88BA-4D33-B8EA-B85965B2FDBF}.Release|Any CPU.ActiveCfg = Release|Any CPU
		{F8110459-88BA-4D33-B8EA-B85965B2FDBF}.Release|Any CPU.Build.0 = Release|Any CPU
		{EF37C08F-8068-4B31-AA5A-A1423DCE83DB}.Debug|Any CPU.ActiveCfg = Debug|Any CPU
		{EF37C08F-8068-4B31-AA5A-A1423DCE83DB}.Debug|Any CPU.Build.0 = Debug|Any CPU
		{EF37C08F-8068-4B31-AA5A-A1423DCE83DB}.Release|Any CPU.ActiveCfg = Release|Any CPU
		{EF37C08F-8068-4B31-AA5A-A1423DCE83DB}.Release|Any CPU.Build.0 = Release|Any CPU
		{7C858160-E19B-419E-813B-473F8D52FE39}.Debug|Any CPU.ActiveCfg = Debug|Any CPU
		{7C858160-E19B-419E-813B-473F8D52FE39}.Debug|Any CPU.Build.0 = Debug|Any CPU
		{7C858160-E19B-419E-813B-473F8D52FE39}.Release|Any CPU.ActiveCfg = Release|Any CPU
		{7C858160-E19B-419E-813B-473F8D52FE39}.Release|Any CPU.Build.0 = Release|Any CPU
		{57BF1ADC-002A-462B-8DB8-0F58773925E6}.Debug|Any CPU.ActiveCfg = Debug|Any CPU
		{57BF1ADC-002A-462B-8DB8-0F58773925E6}.Debug|Any CPU.Build.0 = Debug|Any CPU
		{57BF1ADC-002A-462B-8DB8-0F58773925E6}.Release|Any CPU.ActiveCfg = Release|Any CPU
		{57BF1ADC-002A-462B-8DB8-0F58773925E6}.Release|Any CPU.Build.0 = Release|Any CPU
		{F6BB5AD5-166A-4D9C-B761-C902E854F105}.Debug|Any CPU.ActiveCfg = Debug|Any CPU
		{F6BB5AD5-166A-4D9C-B761-C902E854F105}.Debug|Any CPU.Build.0 = Debug|Any CPU
		{F6BB5AD5-166A-4D9C-B761-C902E854F105}.Release|Any CPU.ActiveCfg = Release|Any CPU
		{F6BB5AD5-166A-4D9C-B761-C902E854F105}.Release|Any CPU.Build.0 = Release|Any CPU
		{08FC4977-45C8-4F73-B57F-A65B3219F0DE}.Debug|Any CPU.ActiveCfg = Debug|Any CPU
		{08FC4977-45C8-4F73-B57F-A65B3219F0DE}.Debug|Any CPU.Build.0 = Debug|Any CPU
		{08FC4977-45C8-4F73-B57F-A65B3219F0DE}.Release|Any CPU.ActiveCfg = Release|Any CPU
		{08FC4977-45C8-4F73-B57F-A65B3219F0DE}.Release|Any CPU.Build.0 = Release|Any CPU
		{4F6C5458-79B4-4333-8695-74E399FF975E}.Debug|Any CPU.ActiveCfg = Debug|Any CPU
		{4F6C5458-79B4-4333-8695-74E399FF975E}.Debug|Any CPU.Build.0 = Debug|Any CPU
		{4F6C5458-79B4-4333-8695-74E399FF975E}.Release|Any CPU.ActiveCfg = Release|Any CPU
		{4F6C5458-79B4-4333-8695-74E399FF975E}.Release|Any CPU.Build.0 = Release|Any CPU
	EndGlobalSection
	GlobalSection(SolutionProperties) = preSolution
		HideSolutionNode = FALSE
	EndGlobalSection
	GlobalSection(NestedProjects) = preSolution
		{F04B58B7-0F94-421F-B85B-B7F0038572D6} = {19BDE7E5-138D-4975-AC1F-94DC9FD92014}
		{68F6FF27-ACBE-4E84-AD7A-D1144E7228A5} = {36920AB0-7BBF-420E-BE8F-8E1E99AC16E4}
		{2CDDF9AC-8D03-4BE0-9FFF-0D06603714DB} = {68F6FF27-ACBE-4E84-AD7A-D1144E7228A5}
		{CAC92440-534D-4875-8CA3-306C5EA73F44} = {68F6FF27-ACBE-4E84-AD7A-D1144E7228A5}
		{487826EC-7805-4FC9-94E9-5FC65D7C52E6} = {36920AB0-7BBF-420E-BE8F-8E1E99AC16E4}
		{F8110459-88BA-4D33-B8EA-B85965B2FDBF} = {487826EC-7805-4FC9-94E9-5FC65D7C52E6}
		{EF37C08F-8068-4B31-AA5A-A1423DCE83DB} = {487826EC-7805-4FC9-94E9-5FC65D7C52E6}
		{7C858160-E19B-419E-813B-473F8D52FE39} = {487826EC-7805-4FC9-94E9-5FC65D7C52E6}
		{57BF1ADC-002A-462B-8DB8-0F58773925E6} = {68F6FF27-ACBE-4E84-AD7A-D1144E7228A5}
		{F6BB5AD5-166A-4D9C-B761-C902E854F105} = {19BDE7E5-138D-4975-AC1F-94DC9FD92014}
		{08FC4977-45C8-4F73-B57F-A65B3219F0DE} = {19BDE7E5-138D-4975-AC1F-94DC9FD92014}
		{4F6C5458-79B4-4333-8695-74E399FF975E} = {19BDE7E5-138D-4975-AC1F-94DC9FD92014}
	EndGlobalSection
	GlobalSection(ExtensibilityGlobals) = postSolution
		SolutionGuid = {F0F12E82-F4B7-48EB-9DE7-4F2F7040E14A}
	EndGlobalSection
EndGlobal
